
Microsoft Visual Studio Solution File, Format Version 12.00
# Visual Studio Version 16
VisualStudioVersion = 16.0.29123.88
MinimumVisualStudioVersion = 10.0.40219.1
Project("{FAE04EC0-301F-11D3-BF4B-00C04F79EFBC}") = "WindowsFormsApp4", "WindowsFormsApp4\WindowsFormsApp4.csproj", "{F897D479-C8B3-4136-956A-F021F0CE63CB}"
EndProject
Global
	GlobalSection(SolutionConfigurationPlatforms) = preSolution
		Debug|Any CPU = Debug|Any CPU
		Release|Any CPU = Release|Any CPU
	EndGlobalSection
	GlobalSection(ProjectConfigurationPlatforms) = postSolution
		{F897D479-C8B3-4136-956A-F021F0CE63CB}.Debug|Any CPU.ActiveCfg = Debug|Any CPU
		{F897D479-C8B3-4136-956A-F021F0CE63CB}.Debug|Any CPU.Build.0 = Debug|Any CPU
		{F897D479-C8B3-4136-956A-F021F0CE63CB}.Release|Any CPU.ActiveCfg = Release|Any CPU
		{F897D479-C8B3-4136-956A-F021F0CE63CB}.Release|Any CPU.Build.0 = Release|Any CPU
	EndGlobalSection
	GlobalSection(SolutionProperties) = preSolution
		HideSolutionNode = FALSE
	EndGlobalSection
	GlobalSection(ExtensibilityGlobals) = postSolution
		SolutionGuid = {80021E2F-E340-41CE-8499-6B3D4E43926D}
	EndGlobalSection
EndGlobal
